
Microsoft Visual Studio Solution File, Format Version 12.00
# Visual Studio Version 17
VisualStudioVersion = 17.4.33213.308
MinimumVisualStudioVersion = 10.0.40219.1
Project("{FAE04EC0-301F-11D3-BF4B-00C04F79EFBC}") = "SMTPClient", "SMTPClient\SMTPClient.csproj", "{DDA053B2-DB9C-4088-B960-317B78E73766}"
EndProject
Global
	GlobalSection(SolutionConfigurationPlatforms) = preSolution
		Debug|Any CPU = Debug|Any CPU
		Release|Any CPU = Release|Any CPU
	EndGlobalSection
	GlobalSection(ProjectConfigurationPlatforms) = postSolution
		{DDA053B2-DB9C-4088-B960-317B78E73766}.Debug|Any CPU.ActiveCfg = Debug|Any CPU
		{DDA053B2-DB9C-4088-B960-317B78E73766}.Debug|Any CPU.Build.0 = Debug|Any CPU
		{DDA053B2-DB9C-4088-B960-317B78E73766}.Release|Any CPU.ActiveCfg = Release|Any CPU
		{DDA053B2-DB9C-4088-B960-317B78E73766}.Release|Any CPU.Build.0 = Release|Any CPU
	EndGlobalSection
	GlobalSection(SolutionProperties) = preSolution
		HideSolutionNode = FALSE
	EndGlobalSection
	GlobalSection(ExtensibilityGlobals) = postSolution
		SolutionGuid = {A39D2504-9757-4549-964A-5C69FD3FEE37}
	EndGlobalSection
EndGlobal
